
Microsoft Visual Studio Solution File, Format Version 12.00
# Visual Studio Version 16
VisualStudioVersion = 16.0.30413.136
MinimumVisualStudioVersion = 10.0.40219.1
Project("{FAE04EC0-301F-11D3-BF4B-00C04F79EFBC}") = "MyInvoiceApi", "MyInvoiceApi\MyInvoiceApi.csproj", "{D45298A0-944A-43EB-95B2-3DBDF023900A}"
EndProject
Global
	GlobalSection(SolutionConfigurationPlatforms) = preSolution
		Debug|Any CPU = Debug|Any CPU
		Release|Any CPU = Release|Any CPU
	EndGlobalSection
	GlobalSection(ProjectConfigurationPlatforms) = postSolution
		{D45298A0-944A-43EB-95B2-3DBDF023900A}.Debug|Any CPU.ActiveCfg = Debug|Any CPU
		{D45298A0-944A-43EB-95B2-3DBDF023900A}.Debug|Any CPU.Build.0 = Debug|Any CPU
		{D45298A0-944A-43EB-95B2-3DBDF023900A}.Release|Any CPU.ActiveCfg = Release|Any CPU
		{D45298A0-944A-43EB-95B2-3DBDF023900A}.Release|Any CPU.Build.0 = Release|Any CPU
	EndGlobalSection
	GlobalSection(SolutionProperties) = preSolution
		HideSolutionNode = FALSE
	EndGlobalSection
	GlobalSection(ExtensibilityGlobals) = postSolution
		SolutionGuid = {6CA58473-9B5A-46D6-93CA-E31291B6FD10}
	EndGlobalSection
EndGlobal
