
Microsoft Visual Studio Solution File, Format Version 12.00
# Visual Studio Version 16
VisualStudioVersion = 16.0.30413.136
MinimumVisualStudioVersion = 10.0.40219.1
Project("{FAE04EC0-301F-11D3-BF4B-00C04F79EFBC}") = "MyInvoiceWebApp", "MyInvoiceWebApp\MyInvoiceWebApp.csproj", "{46F969DA-DA30-4710-8A11-A24A41214E39}"
EndProject
Global
	GlobalSection(SolutionConfigurationPlatforms) = preSolution
		Debug|Any CPU = Debug|Any CPU
		Release|Any CPU = Release|Any CPU
	EndGlobalSection
	GlobalSection(ProjectConfigurationPlatforms) = postSolution
		{46F969DA-DA30-4710-8A11-A24A41214E39}.Debug|Any CPU.ActiveCfg = Debug|Any CPU
		{46F969DA-DA30-4710-8A11-A24A41214E39}.Debug|Any CPU.Build.0 = Debug|Any CPU
		{46F969DA-DA30-4710-8A11-A24A41214E39}.Release|Any CPU.ActiveCfg = Release|Any CPU
		{46F969DA-DA30-4710-8A11-A24A41214E39}.Release|Any CPU.Build.0 = Release|Any CPU
	EndGlobalSection
	GlobalSection(SolutionProperties) = preSolution
		HideSolutionNode = FALSE
	EndGlobalSection
	GlobalSection(ExtensibilityGlobals) = postSolution
		SolutionGuid = {500F1290-138A-4E2E-B44A-FDCAFD95630D}
	EndGlobalSection
EndGlobal
